{
  "name": "model-probe",
  "version": "0.4.0",
  "lockfileVersion": 3,
  "requires": true,
  "packages": {
    "": {
      "name": "model-probe",
      "version": "0.4.0",
      "license": "MIT",
      "dependencies": {
        "@opencode-ai/models": "^0.0.51"
      },
      "bin": {
        "model-probe": "cli.ts"
      },
      "engines": {
        "node": ">=22.18"
      }
    },
    "node_modules/@opencode-ai/models": {
      "version": "0.0.51",
      "resolved": "https://registry.npmjs.org/@opencode-ai/models/-/models-0.0.51.tgz",
      "integrity": "sha512-6MyIH9s2ztVMb+xWi4dbNebzbsHukcEG0s67s/xniIIrIKBlsj/neJtUHqK1C7/jYZcyIs+xeFlW8aZBk7dI5g==",
      "license": "MIT",
      "engines": {
        "node": ">=18"
      },
      "peerDependencies": {
        "effect": "4.0.0-beta.83"
      },
      "peerDependenciesMeta": {
        "effect": {
          "optional": true
        }
      }
    }
  }
}
