{
  "name": "model-probe",
  "version": "0.4.0",
  "lockfileVersion": 3,
  "requires": true,
  "packages": {
    "": {
      "name": "model-probe",
      "version": "0.4.0",
      "license": "MIT",
      "dependencies": {
        "@opencode-ai/models": "^0.0.50"
      },
      "bin": {
        "model-probe": "cli.ts"
      },
      "engines": {
        "node": ">=22.18"
      }
    },
    "node_modules/@opencode-ai/models": {
      "version": "0.0.50",
      "resolved": "https://registry.npmjs.org/@opencode-ai/models/-/models-0.0.50.tgz",
      "integrity": "sha512-LNkxbXYY+MqRh8QrD9Qv1e5XG6DP1uLG2Jytjqg25UtHLtDfl5C578BWzDbwV7xDB/Au3AJFz81ZP0CDg0ZB2Q==",
      "license": "MIT",
      "engines": {
        "node": ">=18"
      },
      "peerDependencies": {
        "effect": "4.0.0-beta.83"
      },
      "peerDependenciesMeta": {
        "effect": {
          "optional": true
        }
      }
    }
  }
}
