{
  "name": "model-probe",
  "version": "0.7.0",
  "lockfileVersion": 3,
  "requires": true,
  "packages": {
    "": {
      "name": "model-probe",
      "version": "0.7.0",
      "license": "MIT",
      "dependencies": {
        "@opencode-ai/models": "^0.0.53"
      },
      "bin": {
        "model-probe": "cli.ts"
      },
      "engines": {
        "node": ">=22.18"
      }
    },
    "node_modules/@opencode-ai/models": {
      "version": "0.0.53",
      "resolved": "https://registry.npmjs.org/@opencode-ai/models/-/models-0.0.53.tgz",
      "integrity": "sha512-MOz5vYDv4zt4fcsftLsun4uGnLejDTRXE9ywfqxpt8oQw/iTImbjoKhe3vkCcm43ZUuy+CwkE1NcgOpmPQCWHg==",
      "license": "MIT",
      "engines": {
        "node": ">=18"
      },
      "peerDependencies": {
        "effect": "4.0.0-beta.83"
      },
      "peerDependenciesMeta": {
        "effect": {
          "optional": true
        }
      }
    }
  }
}
